
Microsoft Visual Studio Solution File, Format Version 12.00
# Visual Studio 15
Project("{FAE04EC0-301F-11D3-BF4B-00C04F79EFBC}") = "Assembly-CSharp-Editor", "Assembly-CSharp-Editor.csproj", "{A198C82D-7F85-DE5C-4B56-F5A2E7991186}"
EndProject
Project("{FAE04EC0-301F-11D3-BF4B-00C04F79EFBC}") = "Assembly-CSharp", "Assembly-CSharp.csproj", "{3A9F9727-005B-165C-A221-791B7B7142B2}"
EndProject
Global
	GlobalSection(SolutionConfigurationPlatforms) = preSolution
		Debug|Any CPU = Debug|Any CPU
		Release|Any CPU = Release|Any CPU
	EndGlobalSection
	GlobalSection(ProjectConfigurationPlatforms) = postSolution
		{A198C82D-7F85-DE5C-4B56-F5A2E7991186}.Debug|Any CPU.ActiveCfg = Debug|Any CPU
		{A198C82D-7F85-DE5C-4B56-F5A2E7991186}.Debug|Any CPU.Build.0 = Debug|Any CPU
		{A198C82D-7F85-DE5C-4B56-F5A2E7991186}.Release|Any CPU.ActiveCfg = Release|Any CPU
		{A198C82D-7F85-DE5C-4B56-F5A2E7991186}.Release|Any CPU.Build.0 = Release|Any CPU
		{3A9F9727-005B-165C-A221-791B7B7142B2}.Debug|Any CPU.ActiveCfg = Debug|Any CPU
		{3A9F9727-005B-165C-A221-791B7B7142B2}.Debug|Any CPU.Build.0 = Debug|Any CPU
		{3A9F9727-005B-165C-A221-791B7B7142B2}.Release|Any CPU.ActiveCfg = Release|Any CPU
		{3A9F9727-005B-165C-A221-791B7B7142B2}.Release|Any CPU.Build.0 = Release|Any CPU
	EndGlobalSection
	GlobalSection(SolutionProperties) = preSolution
		HideSolutionNode = FALSE
	EndGlobalSection
EndGlobal
